
Microsoft Visual Studio Solution File, Format Version 12.00
Project("{FAE04EC0-301F-11D3-BF4B-00C04F79EFBC}") = "PaymentOrchestratorLite.Api", "PaymentOrchestratorLite.Api\PaymentOrchestratorLite.Api.csproj", "{14FDC732-1253-40D7-B462-2445494076DA}"
EndProject
Global
	GlobalSection(SolutionConfigurationPlatforms) = preSolution
		Debug|Any CPU = Debug|Any CPU
		Release|Any CPU = Release|Any CPU
	EndGlobalSection
	GlobalSection(ProjectConfigurationPlatforms) = postSolution
		{14FDC732-1253-40D7-B462-2445494076DA}.Debug|Any CPU.ActiveCfg = Debug|Any CPU
		{14FDC732-1253-40D7-B462-2445494076DA}.Debug|Any CPU.Build.0 = Debug|Any CPU
		{14FDC732-1253-40D7-B462-2445494076DA}.Release|Any CPU.ActiveCfg = Release|Any CPU
		{14FDC732-1253-40D7-B462-2445494076DA}.Release|Any CPU.Build.0 = Release|Any CPU
	EndGlobalSection
EndGlobal
